
Microsoft Visual Studio Solution File, Format Version 12.00
# Visual Studio Version 16
VisualStudioVersion = 16.0.29920.165
MinimumVisualStudioVersion = 10.0.40219.1
Project("{9A19103F-16F7-4668-BE54-9A1E7A4F7556}") = "OpenTelemetryPOC", "OpenTelemetryPOC\OpenTelemetryPOC.csproj", "{E574F348-8C60-4DB0-9A33-FAF3D06528F3}"
EndProject
Project("{FAE04EC0-301F-11D3-BF4B-00C04F79EFBC}") = "OpenTelemetryClient", "OpenTelemetryClient\OpenTelemetryClient.csproj", "{EAC1997A-AAAF-4882-A9BB-5DC9A219BA23}"
EndProject
Global
	GlobalSection(SolutionConfigurationPlatforms) = preSolution
		Debug|Any CPU = Debug|Any CPU
		Release|Any CPU = Release|Any CPU
	EndGlobalSection
	GlobalSection(ProjectConfigurationPlatforms) = postSolution
		{E574F348-8C60-4DB0-9A33-FAF3D06528F3}.Debug|Any CPU.ActiveCfg = Debug|Any CPU
		{E574F348-8C60-4DB0-9A33-FAF3D06528F3}.Debug|Any CPU.Build.0 = Debug|Any CPU
		{E574F348-8C60-4DB0-9A33-FAF3D06528F3}.Release|Any CPU.ActiveCfg = Release|Any CPU
		{E574F348-8C60-4DB0-9A33-FAF3D06528F3}.Release|Any CPU.Build.0 = Release|Any CPU
		{EAC1997A-AAAF-4882-A9BB-5DC9A219BA23}.Debug|Any CPU.ActiveCfg = Debug|Any CPU
		{EAC1997A-AAAF-4882-A9BB-5DC9A219BA23}.Debug|Any CPU.Build.0 = Debug|Any CPU
		{EAC1997A-AAAF-4882-A9BB-5DC9A219BA23}.Release|Any CPU.ActiveCfg = Release|Any CPU
		{EAC1997A-AAAF-4882-A9BB-5DC9A219BA23}.Release|Any CPU.Build.0 = Release|Any CPU
	EndGlobalSection
	GlobalSection(SolutionProperties) = preSolution
		HideSolutionNode = FALSE
	EndGlobalSection
	GlobalSection(ExtensibilityGlobals) = postSolution
		SolutionGuid = {E02AB8CC-3482-461F-8823-7D0FE19E6898}
	EndGlobalSection
EndGlobal
